
Microsoft Visual Studio Solution File, Format Version 12.00
# Visual Studio Version 17
VisualStudioVersion = 17.8.34330.188
MinimumVisualStudioVersion = 10.0.40219.1
Project("{8BC9CEB8-8B4A-11D0-8D11-00A0C91BC942}") = "OpenGLDemo", "OpenGLDemo\OpenGLDemo.vcxproj", "{B7103FEC-9E4C-45D0-BC00-C4A10472C822}"
EndProject
Project("{8BC9CEB8-8B4A-11D0-8D11-00A0C91BC942}") = "XenonClone", "XenonClone\XenonClone.vcxproj", "{0762B101-4105-47FC-AF8B-3F32C51568A6}"
EndProject
Global
	GlobalSection(SolutionConfigurationPlatforms) = preSolution
		Debug|x64 = Debug|x64
		Debug|x86 = Debug|x86
		Release|x64 = Release|x64
		Release|x86 = Release|x86
	EndGlobalSection
	GlobalSection(ProjectConfigurationPlatforms) = postSolution
		{B7103FEC-9E4C-45D0-BC00-C4A10472C822}.Debug|x64.ActiveCfg = Debug|x64
		{B7103FEC-9E4C-45D0-BC00-C4A10472C822}.Debug|x64.Build.0 = Debug|x64
		{B7103FEC-9E4C-45D0-BC00-C4A10472C822}.Debug|x86.ActiveCfg = Debug|Win32
		{B7103FEC-9E4C-45D0-BC00-C4A10472C822}.Debug|x86.Build.0 = Debug|Win32
		{B7103FEC-9E4C-45D0-BC00-C4A10472C822}.Release|x64.ActiveCfg = Release|x64
		{B7103FEC-9E4C-45D0-BC00-C4A10472C822}.Release|x64.Build.0 = Release|x64
		{B7103FEC-9E4C-45D0-BC00-C4A10472C822}.Release|x86.ActiveCfg = Release|Win32
		{B7103FEC-9E4C-45D0-BC00-C4A10472C822}.Release|x86.Build.0 = Release|Win32
		{0762B101-4105-47FC-AF8B-3F32C51568A6}.Debug|x64.ActiveCfg = Debug|x64
		{0762B101-4105-47FC-AF8B-3F32C51568A6}.Debug|x64.Build.0 = Debug|x64
		{0762B101-4105-47FC-AF8B-3F32C51568A6}.Debug|x86.ActiveCfg = Debug|Win32
		{0762B101-4105-47FC-AF8B-3F32C51568A6}.Debug|x86.Build.0 = Debug|Win32
		{0762B101-4105-47FC-AF8B-3F32C51568A6}.Release|x64.ActiveCfg = Release|x64
		{0762B101-4105-47FC-AF8B-3F32C51568A6}.Release|x64.Build.0 = Release|x64
		{0762B101-4105-47FC-AF8B-3F32C51568A6}.Release|x86.ActiveCfg = Release|Win32
		{0762B101-4105-47FC-AF8B-3F32C51568A6}.Release|x86.Build.0 = Release|Win32
	EndGlobalSection
	GlobalSection(SolutionProperties) = preSolution
		HideSolutionNode = FALSE
	EndGlobalSection
	GlobalSection(ExtensibilityGlobals) = postSolution
		SolutionGuid = {B5D54868-E8D6-4CB9-A4DF-EC47E34129C4}
	EndGlobalSection
EndGlobal
